<?xml version="1.0" encoding="utf-8"?>
<Project ToolsVersion="4.0" xmlns="http://schemas.microsoft.com/developer/msbuild/2003">
  <ItemGroup>
    <Filter Include="源文件">
      <UniqueIdentifier>{4FC737F1-C7A5-4376-A066-2A32D752A2FF}</UniqueIdentifier>
      <Extensions>cpp;c;cc;cxx;c++;cppm;ixx;def;odl;idl;hpj;bat;asm;asmx</Extensions>
    </Filter>
    <Filter Include="头文件">
      <UniqueIdentifier>{93995380-89BD-4b04-88EB-625FBE52EBFB}</UniqueIdentifier>
      <Extensions>h;hh;hpp;hxx;h++;hm;inl;inc;ipp;xsd</Extensions>
    </Filter>
    <Filter Include="资源文件">
      <UniqueIdentifier>{67DA6AB6-F800-4c08-8B7A-83BB121AAD01}</UniqueIdentifier>
      <Extensions>rc;ico;cur;bmp;dlg;rc2;rct;bin;rgs;gif;jpg;jpeg;jpe;resx;tiff;tif;png;wav;mfcribbon-ms</Extensions>
    </Filter>
  </ItemGroup>
  <ItemGroup>
    <ClCompile Include="aliyun-log-c-sdk\hmac-sha.c">
      <Filter>源文件</Filter>
    </ClCompile>
    <ClCompile Include="aliyun-log-c-sdk\inner_log.c">
      <Filter>源文件</Filter>
    </ClCompile>
    <ClCompile Include="aliyun-log-c-sdk\log_api.c">
      <Filter>源文件</Filter>
    </ClCompile>
    <ClCompile Include="aliyun-log-c-sdk\log_builder.c">
      <Filter>源文件</Filter>
    </ClCompile>
    <ClCompile Include="aliyun-log-c-sdk\log_producer_client.c">
      <Filter>源文件</Filter>
    </ClCompile>
    <ClCompile Include="aliyun-log-c-sdk\log_producer_common.c">
      <Filter>源文件</Filter>
    </ClCompile>
    <ClCompile Include="aliyun-log-c-sdk\log_producer_config.c">
      <Filter>源文件</Filter>
    </ClCompile>
    <ClCompile Include="aliyun-log-c-sdk\log_producer_manager.c">
      <Filter>源文件</Filter>
    </ClCompile>
    <ClCompile Include="aliyun-log-c-sdk\log_producer_sender.c">
      <Filter>源文件</Filter>
    </ClCompile>
    <ClCompile Include="aliyun-log-c-sdk\log_queue.c">
      <Filter>源文件</Filter>
    </ClCompile>
    <ClCompile Include="aliyun-log-c-sdk\log_util.c">
      <Filter>源文件</Filter>
    </ClCompile>
    <ClCompile Include="aliyun-log-c-sdk\lz4.c">
      <Filter>源文件</Filter>
    </ClCompile>
    <ClCompile Include="aliyun-log-c-sdk\md5.c">
      <Filter>源文件</Filter>
    </ClCompile>
    <ClCompile Include="aliyun-log-c-sdk\sds.c">
      <Filter>源文件</Filter>
    </ClCompile>
    <ClCompile Include="aliyun-log-c-sdk\sha1.c">
      <Filter>源文件</Filter>
    </ClCompile>
  </ItemGroup>
  <ItemGroup>
    <ClInclude Include="aliyun-log-c-sdk\hmac-sha.h">
      <Filter>头文件</Filter>
    </ClInclude>
    <ClInclude Include="aliyun-log-c-sdk\inner_log.h">
      <Filter>头文件</Filter>
    </ClInclude>
    <ClInclude Include="aliyun-log-c-sdk\log_api.h">
      <Filter>头文件</Filter>
    </ClInclude>
    <ClInclude Include="aliyun-log-c-sdk\log_builder.h">
      <Filter>头文件</Filter>
    </ClInclude>
    <ClInclude Include="aliyun-log-c-sdk\log_define.h">
      <Filter>头文件</Filter>
    </ClInclude>
    <ClInclude Include="aliyun-log-c-sdk\log_inner_include.h">
      <Filter>头文件</Filter>
    </ClInclude>
    <ClInclude Include="aliyun-log-c-sdk\log_multi_thread.h">
      <Filter>头文件</Filter>
    </ClInclude>
    <ClInclude Include="aliyun-log-c-sdk\log_producer_client.h">
      <Filter>头文件</Filter>
    </ClInclude>
    <ClInclude Include="aliyun-log-c-sdk\log_producer_common.h">
      <Filter>头文件</Filter>
    </ClInclude>
    <ClInclude Include="aliyun-log-c-sdk\log_producer_config.h">
      <Filter>头文件</Filter>
    </ClInclude>
    <ClInclude Include="aliyun-log-c-sdk\log_producer_manager.h">
      <Filter>头文件</Filter>
    </ClInclude>
    <ClInclude Include="aliyun-log-c-sdk\log_producer_sender.h">
      <Filter>头文件</Filter>
    </ClInclude>
    <ClInclude Include="aliyun-log-c-sdk\log_queue.h">
      <Filter>头文件</Filter>
    </ClInclude>
    <ClInclude Include="aliyun-log-c-sdk\log_util.h">
      <Filter>头文件</Filter>
    </ClInclude>
    <ClInclude Include="aliyun-log-c-sdk\lz4.h">
      <Filter>头文件</Filter>
    </ClInclude>
    <ClInclude Include="aliyun-log-c-sdk\md5.h">
      <Filter>头文件</Filter>
    </ClInclude>
    <ClInclude Include="aliyun-log-c-sdk\sds.h">
      <Filter>头文件</Filter>
    </ClInclude>
    <ClInclude Include="aliyun-log-c-sdk\sha1.h">
      <Filter>头文件</Filter>
    </ClInclude>
  </ItemGroup>
</Project>