<?xml version="1.0" encoding="utf-8"?>
<Project ToolsVersion="4.0" xmlns="http://schemas.microsoft.com/developer/msbuild/2003">
  <ItemGroup>
    <Filter Include="源文件">
      <UniqueIdentifier>{4FC737F1-C7A5-4376-A066-2A32D752A2FF}</UniqueIdentifier>
      <Extensions>cpp;c;cc;cxx;def;odl;idl;hpj;bat;asm;asmx</Extensions>
    </Filter>
    <Filter Include="头文件">
      <UniqueIdentifier>{93995380-89BD-4b04-88EB-625FBE52EBFB}</UniqueIdentifier>
      <Extensions>h;hh;hpp;hxx;hm;inl;inc;xsd</Extensions>
    </Filter>
    <Filter Include="资源文件">
      <UniqueIdentifier>{67DA6AB6-F800-4c08-8B7A-83BB121AAD01}</UniqueIdentifier>
      <Extensions>rc;ico;cur;bmp;dlg;rc2;rct;bin;rgs;gif;jpg;jpeg;jpe;resx;tiff;tif;png;wav;mfcribbon-ms</Extensions>
    </Filter>
  </ItemGroup>
  <ItemGroup>
    <ClInclude Include="..\src\protobuf-c.h">
      <Filter>头文件</Filter>
    </ClInclude>
    <ClInclude Include="..\src\lz4.h">
      <Filter>头文件</Filter>
    </ClInclude>
    <ClInclude Include="..\src\log_util.h">
      <Filter>头文件</Filter>
    </ClInclude>
    <ClInclude Include="..\src\log_producer_sender.h">
      <Filter>头文件</Filter>
    </ClInclude>
    <ClInclude Include="..\src\log_producer_manager.h">
      <Filter>头文件</Filter>
    </ClInclude>
    <ClInclude Include="..\src\log_producer_debug_flusher.h">
      <Filter>头文件</Filter>
    </ClInclude>
    <ClInclude Include="..\src\log_producer_config.h">
      <Filter>头文件</Filter>
    </ClInclude>
    <ClInclude Include="..\src\log_producer_common.h">
      <Filter>头文件</Filter>
    </ClInclude>
    <ClInclude Include="..\src\log_producer_client.h">
      <Filter>头文件</Filter>
    </ClInclude>
    <ClInclude Include="..\src\log_logstores.pb-c.h">
      <Filter>头文件</Filter>
    </ClInclude>
    <ClInclude Include="..\src\log_http_cont.h">
      <Filter>头文件</Filter>
    </ClInclude>
    <ClInclude Include="..\src\log_define.h">
      <Filter>头文件</Filter>
    </ClInclude>
    <ClInclude Include="..\src\log_builder.h">
      <Filter>头文件</Filter>
    </ClInclude>
    <ClInclude Include="..\src\log_auth.h">
      <Filter>头文件</Filter>
    </ClInclude>
    <ClInclude Include="..\src\log_api.h">
      <Filter>头文件</Filter>
    </ClInclude>
    <ClInclude Include="..\src\cJSON.h">
      <Filter>头文件</Filter>
    </ClInclude>
    <ClInclude Include="..\src\aos_util.h">
      <Filter>头文件</Filter>
    </ClInclude>
    <ClInclude Include="..\src\aos_transport.h">
      <Filter>头文件</Filter>
    </ClInclude>
    <ClInclude Include="..\src\aos_string.h">
      <Filter>头文件</Filter>
    </ClInclude>
    <ClInclude Include="..\src\aos_status.h">
      <Filter>头文件</Filter>
    </ClInclude>
    <ClInclude Include="..\src\aos_log.h">
      <Filter>头文件</Filter>
    </ClInclude>
    <ClInclude Include="..\src\aos_list.h">
      <Filter>头文件</Filter>
    </ClInclude>
    <ClInclude Include="..\src\aos_http_io.h">
      <Filter>头文件</Filter>
    </ClInclude>
    <ClInclude Include="..\src\aos_fstack.h">
      <Filter>头文件</Filter>
    </ClInclude>
    <ClInclude Include="..\src\aos_define.h">
      <Filter>头文件</Filter>
    </ClInclude>
    <ClInclude Include="..\src\aos_buf.h">
      <Filter>头文件</Filter>
    </ClInclude>
  </ItemGroup>
  <ItemGroup>
    <ClCompile Include="..\src\protobuf-c.c">
      <Filter>源文件</Filter>
    </ClCompile>
    <ClCompile Include="..\src\lz4.c">
      <Filter>源文件</Filter>
    </ClCompile>
    <ClCompile Include="..\src\log_util.c">
      <Filter>源文件</Filter>
    </ClCompile>
    <ClCompile Include="..\src\log_producer_sender.c">
      <Filter>源文件</Filter>
    </ClCompile>
    <ClCompile Include="..\src\log_producer_manager.c">
      <Filter>源文件</Filter>
    </ClCompile>
    <ClCompile Include="..\src\log_producer_debug_flusher.c">
      <Filter>源文件</Filter>
    </ClCompile>
    <ClCompile Include="..\src\log_producer_config.c">
      <Filter>源文件</Filter>
    </ClCompile>
    <ClCompile Include="..\src\log_producer_common.c">
      <Filter>源文件</Filter>
    </ClCompile>
    <ClCompile Include="..\src\log_producer_client.c">
      <Filter>源文件</Filter>
    </ClCompile>
    <ClCompile Include="..\src\log_logstores.pb-c.c">
      <Filter>源文件</Filter>
    </ClCompile>
    <ClCompile Include="..\src\log_http_cont.c">
      <Filter>源文件</Filter>
    </ClCompile>
    <ClCompile Include="..\src\log_define.c">
      <Filter>源文件</Filter>
    </ClCompile>
    <ClCompile Include="..\src\log_builder.c">
      <Filter>源文件</Filter>
    </ClCompile>
    <ClCompile Include="..\src\log_auth.c">
      <Filter>源文件</Filter>
    </ClCompile>
    <ClCompile Include="..\src\log_api.c">
      <Filter>源文件</Filter>
    </ClCompile>
    <ClCompile Include="..\src\cJSON.c">
      <Filter>源文件</Filter>
    </ClCompile>
    <ClCompile Include="..\src\aos_util.c">
      <Filter>源文件</Filter>
    </ClCompile>
    <ClCompile Include="..\src\aos_transport.c">
      <Filter>源文件</Filter>
    </ClCompile>
    <ClCompile Include="..\src\aos_string.c">
      <Filter>源文件</Filter>
    </ClCompile>
    <ClCompile Include="..\src\aos_status.c">
      <Filter>源文件</Filter>
    </ClCompile>
    <ClCompile Include="..\src\aos_log.c">
      <Filter>源文件</Filter>
    </ClCompile>
    <ClCompile Include="..\src\aos_http_io.c">
      <Filter>源文件</Filter>
    </ClCompile>
    <ClCompile Include="..\src\aos_fstack.c">
      <Filter>源文件</Filter>
    </ClCompile>
    <ClCompile Include="..\src\aos_buf.c">
      <Filter>源文件</Filter>
    </ClCompile>
  </ItemGroup>
</Project>